{
  "name": "ken-test",
  "version": "1.0.0",
  "lockfileVersion": 2,
  "requires": true,
  "packages": {
    "": {
      "name": "ken-test",
      "version": "1.0.0",
      "license": "ISC",
      "bin": {
        "ken-test": "bin/index.js"
      }
    },
    "../ken-test-lib": {
      "version": "1.0.0",
      "license": "ISC"
    },
    "node_modules/ken-test-lib": {
      "resolved": "../ken-test-lib",
      "link": true
    }
  },
  "dependencies": {
    "ken-test-lib": {
      "version": "file:../ken-test-lib"
    }
  }
}
